
Microsoft Visual Studio Solution File, Format Version 12.00
# Visual Studio Version 17
VisualStudioVersion = 17.4.33213.308
MinimumVisualStudioVersion = 10.0.40219.1
Project("{9A19103F-16F7-4668-BE54-9A1E7A4F7556}") = "Stamp8", "Stamp8\Stamp8.csproj", "{29A3D431-BF91-4E39-BADB-CEB60839FEBF}"
EndProject
Project("{840C416C-B8F3-42BC-B0DD-F6BB14C9F8CB}") = "Setup Stamp8", "Setup Stamp8\Setup Stamp8.aiproj", "{359BB9B6-8B02-42CA-8B7F-540B695AD51A}"
EndProject
Global
	GlobalSection(SolutionConfigurationPlatforms) = preSolution
		All|Any CPU = All|Any CPU
		Debug|Any CPU = Debug|Any CPU
		DefaultBuild|Any CPU = DefaultBuild|Any CPU
		Release|Any CPU = Release|Any CPU
	EndGlobalSection
	GlobalSection(ProjectConfigurationPlatforms) = postSolution
		{29A3D431-BF91-4E39-BADB-CEB60839FEBF}.All|Any CPU.ActiveCfg = Release|Any CPU
		{29A3D431-BF91-4E39-BADB-CEB60839FEBF}.All|Any CPU.Build.0 = Release|Any CPU
		{29A3D431-BF91-4E39-BADB-CEB60839FEBF}.Debug|Any CPU.ActiveCfg = Debug|Any CPU
		{29A3D431-BF91-4E39-BADB-CEB60839FEBF}.Debug|Any CPU.Build.0 = Debug|Any CPU
		{29A3D431-BF91-4E39-BADB-CEB60839FEBF}.DefaultBuild|Any CPU.ActiveCfg = Debug|Any CPU
		{29A3D431-BF91-4E39-BADB-CEB60839FEBF}.DefaultBuild|Any CPU.Build.0 = Debug|Any CPU
		{29A3D431-BF91-4E39-BADB-CEB60839FEBF}.Release|Any CPU.ActiveCfg = Release|Any CPU
		{29A3D431-BF91-4E39-BADB-CEB60839FEBF}.Release|Any CPU.Build.0 = Release|Any CPU
		{359BB9B6-8B02-42CA-8B7F-540B695AD51A}.All|Any CPU.ActiveCfg = DefaultBuild
		{359BB9B6-8B02-42CA-8B7F-540B695AD51A}.All|Any CPU.Build.0 = DefaultBuild
		{359BB9B6-8B02-42CA-8B7F-540B695AD51A}.Debug|Any CPU.ActiveCfg = DefaultBuild
		{359BB9B6-8B02-42CA-8B7F-540B695AD51A}.Debug|Any CPU.Build.0 = DefaultBuild
		{359BB9B6-8B02-42CA-8B7F-540B695AD51A}.DefaultBuild|Any CPU.ActiveCfg = DefaultBuild
		{359BB9B6-8B02-42CA-8B7F-540B695AD51A}.DefaultBuild|Any CPU.Build.0 = DefaultBuild
		{359BB9B6-8B02-42CA-8B7F-540B695AD51A}.Release|Any CPU.ActiveCfg = DefaultBuild
		{359BB9B6-8B02-42CA-8B7F-540B695AD51A}.Release|Any CPU.Build.0 = DefaultBuild
	EndGlobalSection
	GlobalSection(SolutionProperties) = preSolution
		HideSolutionNode = FALSE
	EndGlobalSection
	GlobalSection(ExtensibilityGlobals) = postSolution
		SolutionGuid = {0871C2AE-3C8F-41DF-BBC8-B3B497FDA8B6}
	EndGlobalSection
EndGlobal
